
Microsoft Visual Studio Solution File, Format Version 12.00
# Visual Studio 15
VisualStudioVersion = 15.0.28010.2036
MinimumVisualStudioVersion = 10.0.40219.1
Project("{FAE04EC0-301F-11D3-BF4B-00C04F79EFBC}") = "BulbapediaScraper.Runner", "BulbapediaScraper.Runner\BulbapediaScraper.Runner.csproj", "{354F075D-C202-4729-88A7-8983C2A31366}"
EndProject
Global
	GlobalSection(SolutionConfigurationPlatforms) = preSolution
		Debug|Any CPU = Debug|Any CPU
		Release|Any CPU = Release|Any CPU
	EndGlobalSection
	GlobalSection(ProjectConfigurationPlatforms) = postSolution
		{354F075D-C202-4729-88A7-8983C2A31366}.Debug|Any CPU.ActiveCfg = Debug|Any CPU
		{354F075D-C202-4729-88A7-8983C2A31366}.Debug|Any CPU.Build.0 = Debug|Any CPU
		{354F075D-C202-4729-88A7-8983C2A31366}.Release|Any CPU.ActiveCfg = Release|Any CPU
		{354F075D-C202-4729-88A7-8983C2A31366}.Release|Any CPU.Build.0 = Release|Any CPU
	EndGlobalSection
	GlobalSection(SolutionProperties) = preSolution
		HideSolutionNode = FALSE
	EndGlobalSection
	GlobalSection(ExtensibilityGlobals) = postSolution
		SolutionGuid = {3A0F92C7-B32C-4078-9C30-8DB6982F1481}
	EndGlobalSection
EndGlobal
